
Microsoft Visual Studio Solution File, Format Version 12.00
# Visual Studio 15
VisualStudioVersion = 15.0.28307.902
MinimumVisualStudioVersion = 10.0.40219.1
Project("{FAE04EC0-301F-11D3-BF4B-00C04F79EFBC}") = "2.5D Level Editor", "2.5D Level Editor\2.5D Level Editor.csproj", "{EF6D20CE-5DF0-4120-9719-0BA8906605FB}"
EndProject
Global
	GlobalSection(SolutionConfigurationPlatforms) = preSolution
		Debug|x86 = Debug|x86
		Release|x86 = Release|x86
	EndGlobalSection
	GlobalSection(ProjectConfigurationPlatforms) = postSolution
		{EF6D20CE-5DF0-4120-9719-0BA8906605FB}.Debug|x86.ActiveCfg = Debug|x86
		{EF6D20CE-5DF0-4120-9719-0BA8906605FB}.Debug|x86.Build.0 = Debug|x86
		{EF6D20CE-5DF0-4120-9719-0BA8906605FB}.Release|x86.ActiveCfg = Release|x86
		{EF6D20CE-5DF0-4120-9719-0BA8906605FB}.Release|x86.Build.0 = Release|x86
	EndGlobalSection
	GlobalSection(SolutionProperties) = preSolution
		HideSolutionNode = FALSE
	EndGlobalSection
	GlobalSection(ExtensibilityGlobals) = postSolution
		SolutionGuid = {D8FE6901-F986-46EE-A492-DDC2C651925A}
	EndGlobalSection
EndGlobal
